
Microsoft Visual Studio Solution File, Format Version 12.00
# Visual Studio Version 17
VisualStudioVersion = 17.9.34728.123
MinimumVisualStudioVersion = 10.0.40219.1
Project("{FAE04EC0-301F-11D3-BF4B-00C04F79EFBC}") = "MyEnityApp", "MyEnityApp\MyEnityApp.csproj", "{607ED6FE-7850-4554-BA18-93E0DC479FCE}"
EndProject
Global
	GlobalSection(SolutionConfigurationPlatforms) = preSolution
		Debug|Any CPU = Debug|Any CPU
		Release|Any CPU = Release|Any CPU
	EndGlobalSection
	GlobalSection(ProjectConfigurationPlatforms) = postSolution
		{607ED6FE-7850-4554-BA18-93E0DC479FCE}.Debug|Any CPU.ActiveCfg = Debug|Any CPU
		{607ED6FE-7850-4554-BA18-93E0DC479FCE}.Debug|Any CPU.Build.0 = Debug|Any CPU
		{607ED6FE-7850-4554-BA18-93E0DC479FCE}.Release|Any CPU.ActiveCfg = Release|Any CPU
		{607ED6FE-7850-4554-BA18-93E0DC479FCE}.Release|Any CPU.Build.0 = Release|Any CPU
	EndGlobalSection
	GlobalSection(SolutionProperties) = preSolution
		HideSolutionNode = FALSE
	EndGlobalSection
	GlobalSection(ExtensibilityGlobals) = postSolution
		SolutionGuid = {66F37DCF-DFE2-40DF-B034-A836C05F101D}
	EndGlobalSection
EndGlobal
